
Microsoft Visual Studio Solution File, Format Version 12.00
# Visual Studio Version 17
VisualStudioVersion = 17.0.31903.59
MinimumVisualStudioVersion = 10.0.40219.1
Project("{FAE04EC0-301F-11D3-BF4B-00C04F79EFBC}") = "Presentation", "Presentation\Presentation.csproj", "{992F5606-7C51-4C5C-800A-6262FD3BA775}"
EndProject
Project("{FAE04EC0-301F-11D3-BF4B-00C04F79EFBC}") = "Application", "Application\Application.csproj", "{CA9B70C1-B42A-4082-8143-B72372A53E03}"
EndProject
Project("{FAE04EC0-301F-11D3-BF4B-00C04F79EFBC}") = "Infrastructure", "Infrastructure\Infrastructure.csproj", "{8460145B-D20B-4FA6-AD4E-E86AF81B851E}"
EndProject
Global
	GlobalSection(SolutionConfigurationPlatforms) = preSolution
		Debug|Any CPU = Debug|Any CPU
		Release|Any CPU = Release|Any CPU
	EndGlobalSection
	GlobalSection(SolutionProperties) = preSolution
		HideSolutionNode = FALSE
	EndGlobalSection
	GlobalSection(ProjectConfigurationPlatforms) = postSolution
		{992F5606-7C51-4C5C-800A-6262FD3BA775}.Debug|Any CPU.ActiveCfg = Debug|Any CPU
		{992F5606-7C51-4C5C-800A-6262FD3BA775}.Debug|Any CPU.Build.0 = Debug|Any CPU
		{992F5606-7C51-4C5C-800A-6262FD3BA775}.Release|Any CPU.ActiveCfg = Release|Any CPU
		{992F5606-7C51-4C5C-800A-6262FD3BA775}.Release|Any CPU.Build.0 = Release|Any CPU
		{CA9B70C1-B42A-4082-8143-B72372A53E03}.Debug|Any CPU.ActiveCfg = Debug|Any CPU
		{CA9B70C1-B42A-4082-8143-B72372A53E03}.Debug|Any CPU.Build.0 = Debug|Any CPU
		{CA9B70C1-B42A-4082-8143-B72372A53E03}.Release|Any CPU.ActiveCfg = Release|Any CPU
		{CA9B70C1-B42A-4082-8143-B72372A53E03}.Release|Any CPU.Build.0 = Release|Any CPU
		{8460145B-D20B-4FA6-AD4E-E86AF81B851E}.Debug|Any CPU.ActiveCfg = Debug|Any CPU
		{8460145B-D20B-4FA6-AD4E-E86AF81B851E}.Debug|Any CPU.Build.0 = Debug|Any CPU
		{8460145B-D20B-4FA6-AD4E-E86AF81B851E}.Release|Any CPU.ActiveCfg = Release|Any CPU
		{8460145B-D20B-4FA6-AD4E-E86AF81B851E}.Release|Any CPU.Build.0 = Release|Any CPU
	EndGlobalSection
EndGlobal
